
Microsoft Visual Studio Solution File, Format Version 12.00
# Visual Studio Version 16
VisualStudioVersion = 16.0.29519.181
MinimumVisualStudioVersion = 10.0.40219.1
Project("{FAE04EC0-301F-11D3-BF4B-00C04F79EFBC}") = "Alcoritm_8.4", "Alcoritm_8.4\Alcoritm_8.4.csproj", "{645A20E5-B60E-4DC0-8DEC-B403424AB094}"
EndProject
Global
	GlobalSection(SolutionConfigurationPlatforms) = preSolution
		Debug|Any CPU = Debug|Any CPU
		Release|Any CPU = Release|Any CPU
	EndGlobalSection
	GlobalSection(ProjectConfigurationPlatforms) = postSolution
		{645A20E5-B60E-4DC0-8DEC-B403424AB094}.Debug|Any CPU.ActiveCfg = Debug|Any CPU
		{645A20E5-B60E-4DC0-8DEC-B403424AB094}.Debug|Any CPU.Build.0 = Debug|Any CPU
		{645A20E5-B60E-4DC0-8DEC-B403424AB094}.Release|Any CPU.ActiveCfg = Release|Any CPU
		{645A20E5-B60E-4DC0-8DEC-B403424AB094}.Release|Any CPU.Build.0 = Release|Any CPU
	EndGlobalSection
	GlobalSection(SolutionProperties) = preSolution
		HideSolutionNode = FALSE
	EndGlobalSection
	GlobalSection(ExtensibilityGlobals) = postSolution
		SolutionGuid = {69BAFC6E-0774-4E29-B2E2-11446D07BBB8}
	EndGlobalSection
EndGlobal
