
Microsoft Visual Studio Solution File, Format Version 12.00
# Visual Studio Version 16
VisualStudioVersion = 16.0.29519.181
MinimumVisualStudioVersion = 10.0.40219.1
Project("{FAE04EC0-301F-11D3-BF4B-00C04F79EFBC}") = "Alcoritm_8.1", "Alcoritm_8.1\Alcoritm_8.1.csproj", "{D12DE415-6EBC-4C3A-ADD0-2ED8BA9206EA}"
EndProject
Global
	GlobalSection(SolutionConfigurationPlatforms) = preSolution
		Debug|Any CPU = Debug|Any CPU
		Release|Any CPU = Release|Any CPU
	EndGlobalSection
	GlobalSection(ProjectConfigurationPlatforms) = postSolution
		{D12DE415-6EBC-4C3A-ADD0-2ED8BA9206EA}.Debug|Any CPU.ActiveCfg = Debug|Any CPU
		{D12DE415-6EBC-4C3A-ADD0-2ED8BA9206EA}.Debug|Any CPU.Build.0 = Debug|Any CPU
		{D12DE415-6EBC-4C3A-ADD0-2ED8BA9206EA}.Release|Any CPU.ActiveCfg = Release|Any CPU
		{D12DE415-6EBC-4C3A-ADD0-2ED8BA9206EA}.Release|Any CPU.Build.0 = Release|Any CPU
	EndGlobalSection
	GlobalSection(SolutionProperties) = preSolution
		HideSolutionNode = FALSE
	EndGlobalSection
	GlobalSection(ExtensibilityGlobals) = postSolution
		SolutionGuid = {EB7C5E1F-1B04-4332-B6E6-5DCD027645F1}
	EndGlobalSection
EndGlobal
