
Microsoft Visual Studio Solution File, Format Version 12.00
# Visual Studio Version 16
VisualStudioVersion = 16.0.29306.81
MinimumVisualStudioVersion = 10.0.40219.1
Project("{8BC9CEB8-8B4A-11D0-8D11-00A0C91BC942}") = "VVP_13.5", "VVP_13.5\VVP_13.5.vcxproj", "{F44AA6A6-A402-4720-B691-5052E8DC42F3}"
EndProject
Global
	GlobalSection(SolutionConfigurationPlatforms) = preSolution
		Debug|x64 = Debug|x64
		Debug|x86 = Debug|x86
		Release|x64 = Release|x64
		Release|x86 = Release|x86
	EndGlobalSection
	GlobalSection(ProjectConfigurationPlatforms) = postSolution
		{F44AA6A6-A402-4720-B691-5052E8DC42F3}.Debug|x64.ActiveCfg = Debug|x64
		{F44AA6A6-A402-4720-B691-5052E8DC42F3}.Debug|x64.Build.0 = Debug|x64
		{F44AA6A6-A402-4720-B691-5052E8DC42F3}.Debug|x86.ActiveCfg = Debug|Win32
		{F44AA6A6-A402-4720-B691-5052E8DC42F3}.Debug|x86.Build.0 = Debug|Win32
		{F44AA6A6-A402-4720-B691-5052E8DC42F3}.Release|x64.ActiveCfg = Release|x64
		{F44AA6A6-A402-4720-B691-5052E8DC42F3}.Release|x64.Build.0 = Release|x64
		{F44AA6A6-A402-4720-B691-5052E8DC42F3}.Release|x86.ActiveCfg = Release|Win32
		{F44AA6A6-A402-4720-B691-5052E8DC42F3}.Release|x86.Build.0 = Release|Win32
	EndGlobalSection
	GlobalSection(SolutionProperties) = preSolution
		HideSolutionNode = FALSE
	EndGlobalSection
	GlobalSection(ExtensibilityGlobals) = postSolution
		SolutionGuid = {B4C527D9-EF95-4972-AA1D-5C8BEFB9A47E}
	EndGlobalSection
EndGlobal
