
Microsoft Visual Studio Solution File, Format Version 12.00
# Visual Studio Version 16
VisualStudioVersion = 16.0.29306.81
MinimumVisualStudioVersion = 10.0.40219.1
Project("{8BC9CEB8-8B4A-11D0-8D11-00A0C91BC942}") = "VVP_10.3", "VVP_10.3\VVP_10.3.vcxproj", "{DAB79581-A270-4E92-9B1B-78138F7FAF23}"
EndProject
Global
	GlobalSection(SolutionConfigurationPlatforms) = preSolution
		Debug|x64 = Debug|x64
		Debug|x86 = Debug|x86
		Release|x64 = Release|x64
		Release|x86 = Release|x86
	EndGlobalSection
	GlobalSection(ProjectConfigurationPlatforms) = postSolution
		{DAB79581-A270-4E92-9B1B-78138F7FAF23}.Debug|x64.ActiveCfg = Debug|x64
		{DAB79581-A270-4E92-9B1B-78138F7FAF23}.Debug|x64.Build.0 = Debug|x64
		{DAB79581-A270-4E92-9B1B-78138F7FAF23}.Debug|x86.ActiveCfg = Debug|Win32
		{DAB79581-A270-4E92-9B1B-78138F7FAF23}.Debug|x86.Build.0 = Debug|Win32
		{DAB79581-A270-4E92-9B1B-78138F7FAF23}.Release|x64.ActiveCfg = Release|x64
		{DAB79581-A270-4E92-9B1B-78138F7FAF23}.Release|x64.Build.0 = Release|x64
		{DAB79581-A270-4E92-9B1B-78138F7FAF23}.Release|x86.ActiveCfg = Release|Win32
		{DAB79581-A270-4E92-9B1B-78138F7FAF23}.Release|x86.Build.0 = Release|Win32
	EndGlobalSection
	GlobalSection(SolutionProperties) = preSolution
		HideSolutionNode = FALSE
	EndGlobalSection
	GlobalSection(ExtensibilityGlobals) = postSolution
		SolutionGuid = {034D2651-B111-4E64-B053-829C1346FADE}
	EndGlobalSection
EndGlobal
