
Microsoft Visual Studio Solution File, Format Version 12.00
# Visual Studio Version 16
VisualStudioVersion = 16.0.29519.181
MinimumVisualStudioVersion = 10.0.40219.1
Project("{8BC9CEB8-8B4A-11D0-8D11-00A0C91BC942}") = "Alcoritm_2.3", "Alcoritm_2.3\Alcoritm_2.3.vcxproj", "{19ED2BB9-D33D-4B71-A007-7A3C5A7D7720}"
EndProject
Global
	GlobalSection(SolutionConfigurationPlatforms) = preSolution
		Debug|x64 = Debug|x64
		Debug|x86 = Debug|x86
		Release|x64 = Release|x64
		Release|x86 = Release|x86
	EndGlobalSection
	GlobalSection(ProjectConfigurationPlatforms) = postSolution
		{19ED2BB9-D33D-4B71-A007-7A3C5A7D7720}.Debug|x64.ActiveCfg = Debug|x64
		{19ED2BB9-D33D-4B71-A007-7A3C5A7D7720}.Debug|x64.Build.0 = Debug|x64
		{19ED2BB9-D33D-4B71-A007-7A3C5A7D7720}.Debug|x86.ActiveCfg = Debug|Win32
		{19ED2BB9-D33D-4B71-A007-7A3C5A7D7720}.Debug|x86.Build.0 = Debug|Win32
		{19ED2BB9-D33D-4B71-A007-7A3C5A7D7720}.Release|x64.ActiveCfg = Release|x64
		{19ED2BB9-D33D-4B71-A007-7A3C5A7D7720}.Release|x64.Build.0 = Release|x64
		{19ED2BB9-D33D-4B71-A007-7A3C5A7D7720}.Release|x86.ActiveCfg = Release|Win32
		{19ED2BB9-D33D-4B71-A007-7A3C5A7D7720}.Release|x86.Build.0 = Release|Win32
	EndGlobalSection
	GlobalSection(SolutionProperties) = preSolution
		HideSolutionNode = FALSE
	EndGlobalSection
	GlobalSection(ExtensibilityGlobals) = postSolution
		SolutionGuid = {ADF03AB5-7369-4A06-A682-25E6D45A95D1}
	EndGlobalSection
EndGlobal
