
Microsoft Visual Studio Solution File, Format Version 12.00
# Visual Studio Version 16
VisualStudioVersion = 16.0.29519.181
MinimumVisualStudioVersion = 10.0.40219.1
Project("{FAE04EC0-301F-11D3-BF4B-00C04F79EFBC}") = "Alcoritm_8.3", "Alcoritm_8.3\Alcoritm_8.3.csproj", "{56AD84AF-3FB6-4F5D-95D6-FD59ED7C6F5E}"
EndProject
Global
	GlobalSection(SolutionConfigurationPlatforms) = preSolution
		Debug|Any CPU = Debug|Any CPU
		Release|Any CPU = Release|Any CPU
	EndGlobalSection
	GlobalSection(ProjectConfigurationPlatforms) = postSolution
		{56AD84AF-3FB6-4F5D-95D6-FD59ED7C6F5E}.Debug|Any CPU.ActiveCfg = Debug|Any CPU
		{56AD84AF-3FB6-4F5D-95D6-FD59ED7C6F5E}.Debug|Any CPU.Build.0 = Debug|Any CPU
		{56AD84AF-3FB6-4F5D-95D6-FD59ED7C6F5E}.Release|Any CPU.ActiveCfg = Release|Any CPU
		{56AD84AF-3FB6-4F5D-95D6-FD59ED7C6F5E}.Release|Any CPU.Build.0 = Release|Any CPU
	EndGlobalSection
	GlobalSection(SolutionProperties) = preSolution
		HideSolutionNode = FALSE
	EndGlobalSection
	GlobalSection(ExtensibilityGlobals) = postSolution
		SolutionGuid = {F09B1DBB-B046-4169-A856-40660D37E59A}
	EndGlobalSection
EndGlobal
